
Microsoft Visual Studio Solution File, Format Version 12.00
# Visual Studio 2013
VisualStudioVersion = 12.0.21005.1
MinimumVisualStudioVersion = 10.0.40219.1
Project("{8BC9CEB8-8B4A-11D0-8D11-00A0C91BC942}") = "StreetParade", "StreetParade\StreetParade.vcxproj", "{BB08ED03-903B-4ED3-97E1-93498CDDFB3B}"
EndProject
Project("{8BC9CEB8-8B4A-11D0-8D11-00A0C91BC942}") = "ThrowingCardsAway", "ThrowingCardsAway\ThrowingCardsAway.vcxproj", "{5B4FB4E1-D843-4612-A19F-D0DF7148067E}"
EndProject
Project("{8BC9CEB8-8B4A-11D0-8D11-00A0C91BC942}") = "ReversePolishNotation", "ReversePolishNotation\ReversePolishNotation.vcxproj", "{F54199CF-3DAA-4BCA-B3B8-55A8F31D17C5}"
EndProject
Project("{8BC9CEB8-8B4A-11D0-8D11-00A0C91BC942}") = "ThatIsYourQueue", "ThatIsYourQueue\ThatIsYourQueue.vcxproj", "{7985FE4E-817D-4C47-A0E3-955DB5F07981}"
EndProject
Project("{8BC9CEB8-8B4A-11D0-8D11-00A0C91BC942}") = "MassMolecule", "MassMolecule\MassMolecule.vcxproj", "{FB8DB00D-004D-4D17-BB5C-FCD424D45EA2}"
EndProject
Global
	GlobalSection(SolutionConfigurationPlatforms) = preSolution
		Debug|Win32 = Debug|Win32
		Release|Win32 = Release|Win32
	EndGlobalSection
	GlobalSection(ProjectConfigurationPlatforms) = postSolution
		{BB08ED03-903B-4ED3-97E1-93498CDDFB3B}.Debug|Win32.ActiveCfg = Debug|Win32
		{BB08ED03-903B-4ED3-97E1-93498CDDFB3B}.Debug|Win32.Build.0 = Debug|Win32
		{BB08ED03-903B-4ED3-97E1-93498CDDFB3B}.Release|Win32.ActiveCfg = Release|Win32
		{BB08ED03-903B-4ED3-97E1-93498CDDFB3B}.Release|Win32.Build.0 = Release|Win32
		{5B4FB4E1-D843-4612-A19F-D0DF7148067E}.Debug|Win32.ActiveCfg = Debug|Win32
		{5B4FB4E1-D843-4612-A19F-D0DF7148067E}.Debug|Win32.Build.0 = Debug|Win32
		{5B4FB4E1-D843-4612-A19F-D0DF7148067E}.Release|Win32.ActiveCfg = Release|Win32
		{5B4FB4E1-D843-4612-A19F-D0DF7148067E}.Release|Win32.Build.0 = Release|Win32
		{F54199CF-3DAA-4BCA-B3B8-55A8F31D17C5}.Debug|Win32.ActiveCfg = Debug|Win32
		{F54199CF-3DAA-4BCA-B3B8-55A8F31D17C5}.Debug|Win32.Build.0 = Debug|Win32
		{F54199CF-3DAA-4BCA-B3B8-55A8F31D17C5}.Release|Win32.ActiveCfg = Release|Win32
		{F54199CF-3DAA-4BCA-B3B8-55A8F31D17C5}.Release|Win32.Build.0 = Release|Win32
		{7985FE4E-817D-4C47-A0E3-955DB5F07981}.Debug|Win32.ActiveCfg = Debug|Win32
		{7985FE4E-817D-4C47-A0E3-955DB5F07981}.Debug|Win32.Build.0 = Debug|Win32
		{7985FE4E-817D-4C47-A0E3-955DB5F07981}.Release|Win32.ActiveCfg = Release|Win32
		{7985FE4E-817D-4C47-A0E3-955DB5F07981}.Release|Win32.Build.0 = Release|Win32
		{FB8DB00D-004D-4D17-BB5C-FCD424D45EA2}.Debug|Win32.ActiveCfg = Debug|Win32
		{FB8DB00D-004D-4D17-BB5C-FCD424D45EA2}.Debug|Win32.Build.0 = Debug|Win32
		{FB8DB00D-004D-4D17-BB5C-FCD424D45EA2}.Release|Win32.ActiveCfg = Release|Win32
		{FB8DB00D-004D-4D17-BB5C-FCD424D45EA2}.Release|Win32.Build.0 = Release|Win32
	EndGlobalSection
	GlobalSection(SolutionProperties) = preSolution
		HideSolutionNode = FALSE
	EndGlobalSection
EndGlobal
