
Microsoft Visual Studio Solution File, Format Version 12.00
# Visual Studio 2013
VisualStudioVersion = 12.0.21005.1
MinimumVisualStudioVersion = 10.0.40219.1
Project("{8BC9CEB8-8B4A-11D0-8D11-00A0C91BC942}") = "Fashion-in-Berland", "Fashion-in-Berland\Fashion-in-Berland.vcxproj", "{4DC80550-E0D2-49AB-9FB5-A2D19607F2D5}"
EndProject
Project("{8BC9CEB8-8B4A-11D0-8D11-00A0C91BC942}") = "Bear_and_Game", "Bear_and_Game\Bear_and_Game.vcxproj", "{7B962CAD-D885-409F-B801-675FD54918D0}"
EndProject
Project("{8BC9CEB8-8B4A-11D0-8D11-00A0C91BC942}") = "Arrays", "Arrays\Arrays.vcxproj", "{923A8AA7-452A-473C-832C-B19BECB03747}"
EndProject
Project("{8BC9CEB8-8B4A-11D0-8D11-00A0C91BC942}") = "BigSegment", "BigSegment\BigSegment.vcxproj", "{8DAB4DBA-20F1-440F-8CEF-D007EDFDDAF6}"
EndProject
Project("{8BC9CEB8-8B4A-11D0-8D11-00A0C91BC942}") = "NicholasAndPermutation", "NicholasAndPermutation\NicholasAndPermutation.vcxproj", "{4162AA16-ED2E-4C41-AC40-A14DD32B9F4B}"
EndProject
Global
	GlobalSection(SolutionConfigurationPlatforms) = preSolution
		Debug|Win32 = Debug|Win32
		Release|Win32 = Release|Win32
	EndGlobalSection
	GlobalSection(ProjectConfigurationPlatforms) = postSolution
		{4DC80550-E0D2-49AB-9FB5-A2D19607F2D5}.Debug|Win32.ActiveCfg = Debug|Win32
		{4DC80550-E0D2-49AB-9FB5-A2D19607F2D5}.Debug|Win32.Build.0 = Debug|Win32
		{4DC80550-E0D2-49AB-9FB5-A2D19607F2D5}.Release|Win32.ActiveCfg = Release|Win32
		{4DC80550-E0D2-49AB-9FB5-A2D19607F2D5}.Release|Win32.Build.0 = Release|Win32
		{7B962CAD-D885-409F-B801-675FD54918D0}.Debug|Win32.ActiveCfg = Debug|Win32
		{7B962CAD-D885-409F-B801-675FD54918D0}.Debug|Win32.Build.0 = Debug|Win32
		{7B962CAD-D885-409F-B801-675FD54918D0}.Release|Win32.ActiveCfg = Release|Win32
		{7B962CAD-D885-409F-B801-675FD54918D0}.Release|Win32.Build.0 = Release|Win32
		{923A8AA7-452A-473C-832C-B19BECB03747}.Debug|Win32.ActiveCfg = Debug|Win32
		{923A8AA7-452A-473C-832C-B19BECB03747}.Debug|Win32.Build.0 = Debug|Win32
		{923A8AA7-452A-473C-832C-B19BECB03747}.Release|Win32.ActiveCfg = Release|Win32
		{923A8AA7-452A-473C-832C-B19BECB03747}.Release|Win32.Build.0 = Release|Win32
		{8DAB4DBA-20F1-440F-8CEF-D007EDFDDAF6}.Debug|Win32.ActiveCfg = Debug|Win32
		{8DAB4DBA-20F1-440F-8CEF-D007EDFDDAF6}.Debug|Win32.Build.0 = Debug|Win32
		{8DAB4DBA-20F1-440F-8CEF-D007EDFDDAF6}.Release|Win32.ActiveCfg = Release|Win32
		{8DAB4DBA-20F1-440F-8CEF-D007EDFDDAF6}.Release|Win32.Build.0 = Release|Win32
		{4162AA16-ED2E-4C41-AC40-A14DD32B9F4B}.Debug|Win32.ActiveCfg = Debug|Win32
		{4162AA16-ED2E-4C41-AC40-A14DD32B9F4B}.Debug|Win32.Build.0 = Debug|Win32
		{4162AA16-ED2E-4C41-AC40-A14DD32B9F4B}.Release|Win32.ActiveCfg = Release|Win32
		{4162AA16-ED2E-4C41-AC40-A14DD32B9F4B}.Release|Win32.Build.0 = Release|Win32
	EndGlobalSection
	GlobalSection(SolutionProperties) = preSolution
		HideSolutionNode = FALSE
	EndGlobalSection
EndGlobal
