
Microsoft Visual Studio Solution File, Format Version 12.00
# Visual Studio 2013
VisualStudioVersion = 12.0.21005.1
MinimumVisualStudioVersion = 10.0.40219.1
Project("{8BC9CEB8-8B4A-11D0-8D11-00A0C91BC942}") = "Lecture19-Interview", "Lecture19-Interview\Lecture19-Interview.vcxproj", "{82E8AC14-6BBD-453C-BA03-A8F4F75F6E40}"
EndProject
Project("{8BC9CEB8-8B4A-11D0-8D11-00A0C91BC942}") = "RepeatandMissingNumberArray", "RepeatandMissingNumberArray\RepeatandMissingNumberArray.vcxproj", "{D633E74F-1904-40B5-AB4A-EE218A62E3C9}"
EndProject
Project("{8BC9CEB8-8B4A-11D0-8D11-00A0C91BC942}") = "EmployeeImportance", "EmployeeImportance\EmployeeImportance.vcxproj", "{6208AA3B-3904-4D0A-AF02-B04847C31EBB}"
EndProject
Global
	GlobalSection(SolutionConfigurationPlatforms) = preSolution
		Debug|Win32 = Debug|Win32
		Release|Win32 = Release|Win32
	EndGlobalSection
	GlobalSection(ProjectConfigurationPlatforms) = postSolution
		{82E8AC14-6BBD-453C-BA03-A8F4F75F6E40}.Debug|Win32.ActiveCfg = Debug|Win32
		{82E8AC14-6BBD-453C-BA03-A8F4F75F6E40}.Debug|Win32.Build.0 = Debug|Win32
		{82E8AC14-6BBD-453C-BA03-A8F4F75F6E40}.Release|Win32.ActiveCfg = Release|Win32
		{82E8AC14-6BBD-453C-BA03-A8F4F75F6E40}.Release|Win32.Build.0 = Release|Win32
		{D633E74F-1904-40B5-AB4A-EE218A62E3C9}.Debug|Win32.ActiveCfg = Debug|Win32
		{D633E74F-1904-40B5-AB4A-EE218A62E3C9}.Debug|Win32.Build.0 = Debug|Win32
		{D633E74F-1904-40B5-AB4A-EE218A62E3C9}.Release|Win32.ActiveCfg = Release|Win32
		{D633E74F-1904-40B5-AB4A-EE218A62E3C9}.Release|Win32.Build.0 = Release|Win32
		{6208AA3B-3904-4D0A-AF02-B04847C31EBB}.Debug|Win32.ActiveCfg = Debug|Win32
		{6208AA3B-3904-4D0A-AF02-B04847C31EBB}.Debug|Win32.Build.0 = Debug|Win32
		{6208AA3B-3904-4D0A-AF02-B04847C31EBB}.Release|Win32.ActiveCfg = Release|Win32
		{6208AA3B-3904-4D0A-AF02-B04847C31EBB}.Release|Win32.Build.0 = Release|Win32
	EndGlobalSection
	GlobalSection(SolutionProperties) = preSolution
		HideSolutionNode = FALSE
	EndGlobalSection
EndGlobal
